
Microsoft Visual Studio Solution File, Format Version 12.00
# Visual Studio Version 16
VisualStudioVersion = 16.0.28803.202
MinimumVisualStudioVersion = 10.0.40219.1
Project("{FAE04EC0-301F-11D3-BF4B-00C04F79EFBC}") = "Thunder", "Thunder\Thunder.csproj", "{4C90DEF0-56B4-40A1-B994-8F8DEBF9DAC0}"
EndProject
Global
	GlobalSection(SolutionConfigurationPlatforms) = preSolution
		Debug|Any CPU = Debug|Any CPU
		Release|Any CPU = Release|Any CPU
	EndGlobalSection
	GlobalSection(ProjectConfigurationPlatforms) = postSolution
		{4C90DEF0-56B4-40A1-B994-8F8DEBF9DAC0}.Debug|Any CPU.ActiveCfg = Debug|Any CPU
		{4C90DEF0-56B4-40A1-B994-8F8DEBF9DAC0}.Debug|Any CPU.Build.0 = Debug|Any CPU
		{4C90DEF0-56B4-40A1-B994-8F8DEBF9DAC0}.Release|Any CPU.ActiveCfg = Release|Any CPU
		{4C90DEF0-56B4-40A1-B994-8F8DEBF9DAC0}.Release|Any CPU.Build.0 = Release|Any CPU
	EndGlobalSection
	GlobalSection(SolutionProperties) = preSolution
		HideSolutionNode = FALSE
	EndGlobalSection
	GlobalSection(ExtensibilityGlobals) = postSolution
		SolutionGuid = {D2E7B8F9-DB50-4885-BEE4-6DABA8AD3988}
	EndGlobalSection
EndGlobal
